
Microsoft Visual Studio Solution File, Format Version 11.00
# Visual Studio 2010
Project("{8BC9CEB8-8B4A-11D0-8D11-00A0C91BC942}") = "paroli", "paroli\paroli.vcxproj", "{452295F3-87BB-44D0-BE8C-783FC8BE08C9}"
EndProject
Global
	GlobalSection(SolutionConfigurationPlatforms) = preSolution
		Debug|Win32 = Debug|Win32
		Release|Win32 = Release|Win32
	EndGlobalSection
	GlobalSection(ProjectConfigurationPlatforms) = postSolution
		{452295F3-87BB-44D0-BE8C-783FC8BE08C9}.Debug|Win32.ActiveCfg = Debug|Win32
		{452295F3-87BB-44D0-BE8C-783FC8BE08C9}.Debug|Win32.Build.0 = Debug|Win32
		{452295F3-87BB-44D0-BE8C-783FC8BE08C9}.Release|Win32.ActiveCfg = Release|Win32
		{452295F3-87BB-44D0-BE8C-783FC8BE08C9}.Release|Win32.Build.0 = Release|Win32
	EndGlobalSection
	GlobalSection(SolutionProperties) = preSolution
		HideSolutionNode = FALSE
	EndGlobalSection
EndGlobal
