
Microsoft Visual Studio Solution File, Format Version 12.00
# Visual Studio 2012
Project("{8BC9CEB8-8B4A-11D0-8D11-00A0C91BC942}") = "FailRead", "FailRead.vcxproj", "{6BDCA728-9C25-4F35-959E-D07F74C81DEC}"
EndProject
Global
	GlobalSection(SolutionConfigurationPlatforms) = preSolution
		Debug|Win32 = Debug|Win32
		Release|Win32 = Release|Win32
	EndGlobalSection
	GlobalSection(ProjectConfigurationPlatforms) = postSolution
		{6BDCA728-9C25-4F35-959E-D07F74C81DEC}.Debug|Win32.ActiveCfg = Debug|Win32
		{6BDCA728-9C25-4F35-959E-D07F74C81DEC}.Debug|Win32.Build.0 = Debug|Win32
		{6BDCA728-9C25-4F35-959E-D07F74C81DEC}.Release|Win32.ActiveCfg = Release|Win32
		{6BDCA728-9C25-4F35-959E-D07F74C81DEC}.Release|Win32.Build.0 = Release|Win32
	EndGlobalSection
	GlobalSection(SolutionProperties) = preSolution
		HideSolutionNode = FALSE
	EndGlobalSection
EndGlobal
