
Microsoft Visual Studio Solution File, Format Version 11.00
# Visual Studio 2010
Project("{8BC9CEB8-8B4A-11D0-8D11-00A0C91BC942}") = "Dz1", "Dz1\Dz1.vcxproj", "{C5A7382C-163A-4A76-BB8C-72F3144B70AC}"
EndProject
Global
	GlobalSection(SolutionConfigurationPlatforms) = preSolution
		Debug|Win32 = Debug|Win32
		Release|Win32 = Release|Win32
	EndGlobalSection
	GlobalSection(ProjectConfigurationPlatforms) = postSolution
		{C5A7382C-163A-4A76-BB8C-72F3144B70AC}.Debug|Win32.ActiveCfg = Debug|Win32
		{C5A7382C-163A-4A76-BB8C-72F3144B70AC}.Debug|Win32.Build.0 = Debug|Win32
		{C5A7382C-163A-4A76-BB8C-72F3144B70AC}.Release|Win32.ActiveCfg = Release|Win32
		{C5A7382C-163A-4A76-BB8C-72F3144B70AC}.Release|Win32.Build.0 = Release|Win32
	EndGlobalSection
	GlobalSection(SolutionProperties) = preSolution
		HideSolutionNode = FALSE
	EndGlobalSection
EndGlobal
